
Microsoft Visual Studio Solution File, Format Version 12.00
# Visual Studio Version 17
VisualStudioVersion = 17.8.34330.188
MinimumVisualStudioVersion = 10.0.40219.1
Project("{9A19103F-16F7-4668-BE54-9A1E7A4F7556}") = "ConsoleApp1", "ConsoleApp1\ConsoleApp1.csproj", "{557EEA58-879F-4BCF-BC25-3170F86BA0CD}"
EndProject
Project("{9A19103F-16F7-4668-BE54-9A1E7A4F7556}") = "FinalProject", "..\FinalProject\FinalProject.csproj", "{343453FE-2EE2-4A8E-9520-71F0F9E69700}"
EndProject
Project("{9A19103F-16F7-4668-BE54-9A1E7A4F7556}") = "FirstProject", "..\FirstProject\FirstProject.csproj", "{35834CEF-0442-46F4-89BF-57925ED5F27A}"
EndProject
Project("{2150E333-8FDC-42A3-9474-1A3956D46DE8}") = "UI", "UI", "{624348D7-AB00-43B8-9BDB-16AE2905C66F}"
EndProject
Project("{2150E333-8FDC-42A3-9474-1A3956D46DE8}") = "Libs", "Libs", "{E06AC415-EC30-4FB3-A8A4-9846F19D80DF}"
EndProject
Project("{9A19103F-16F7-4668-BE54-9A1E7A4F7556}") = "SdA.Models", "..\SdA.Models\SdA.Models.csproj", "{E301E673-BC6D-4484-9763-8BF8C3D4F970}"
EndProject
Project("{9A19103F-16F7-4668-BE54-9A1E7A4F7556}") = "SdA.Repositories", "..\SdA.Repositories\SdA.Repositories.csproj", "{C167EB38-CCD5-4DEB-8CB6-F2CB3D8E4683}"
EndProject
Project("{9A19103F-16F7-4668-BE54-9A1E7A4F7556}") = "LaViePro", "..\LaViePro\LaViePro.csproj", "{1920DB2C-4104-415F-A1A4-57A264915268}"
EndProject
Project("{9A19103F-16F7-4668-BE54-9A1E7A4F7556}") = "LaVieDesComptables", "LaVieDesComptables\LaVieDesComptables.csproj", "{C6B46B30-5CEB-4054-96FD-78AFF5214405}"
EndProject
Project("{FAE04EC0-301F-11D3-BF4B-00C04F79EFBC}") = "LeMondedesDevs", "LeMondedesDevs\LeMondedesDevs.csproj", "{78D34D3A-D5D1-4451-8F05-51A689EC33D4}"
EndProject
Global
	GlobalSection(SolutionConfigurationPlatforms) = preSolution
		Debug|Any CPU = Debug|Any CPU
		Release|Any CPU = Release|Any CPU
	EndGlobalSection
	GlobalSection(ProjectConfigurationPlatforms) = postSolution
		{557EEA58-879F-4BCF-BC25-3170F86BA0CD}.Debug|Any CPU.ActiveCfg = Debug|Any CPU
		{557EEA58-879F-4BCF-BC25-3170F86BA0CD}.Debug|Any CPU.Build.0 = Debug|Any CPU
		{557EEA58-879F-4BCF-BC25-3170F86BA0CD}.Release|Any CPU.ActiveCfg = Release|Any CPU
		{557EEA58-879F-4BCF-BC25-3170F86BA0CD}.Release|Any CPU.Build.0 = Release|Any CPU
		{343453FE-2EE2-4A8E-9520-71F0F9E69700}.Debug|Any CPU.ActiveCfg = Debug|Any CPU
		{343453FE-2EE2-4A8E-9520-71F0F9E69700}.Debug|Any CPU.Build.0 = Debug|Any CPU
		{343453FE-2EE2-4A8E-9520-71F0F9E69700}.Release|Any CPU.ActiveCfg = Release|Any CPU
		{343453FE-2EE2-4A8E-9520-71F0F9E69700}.Release|Any CPU.Build.0 = Release|Any CPU
		{35834CEF-0442-46F4-89BF-57925ED5F27A}.Debug|Any CPU.ActiveCfg = Debug|Any CPU
		{35834CEF-0442-46F4-89BF-57925ED5F27A}.Debug|Any CPU.Build.0 = Debug|Any CPU
		{35834CEF-0442-46F4-89BF-57925ED5F27A}.Release|Any CPU.ActiveCfg = Release|Any CPU
		{35834CEF-0442-46F4-89BF-57925ED5F27A}.Release|Any CPU.Build.0 = Release|Any CPU
		{E301E673-BC6D-4484-9763-8BF8C3D4F970}.Debug|Any CPU.ActiveCfg = Debug|Any CPU
		{E301E673-BC6D-4484-9763-8BF8C3D4F970}.Debug|Any CPU.Build.0 = Debug|Any CPU
		{E301E673-BC6D-4484-9763-8BF8C3D4F970}.Release|Any CPU.ActiveCfg = Release|Any CPU
		{E301E673-BC6D-4484-9763-8BF8C3D4F970}.Release|Any CPU.Build.0 = Release|Any CPU
		{C167EB38-CCD5-4DEB-8CB6-F2CB3D8E4683}.Debug|Any CPU.ActiveCfg = Debug|Any CPU
		{C167EB38-CCD5-4DEB-8CB6-F2CB3D8E4683}.Debug|Any CPU.Build.0 = Debug|Any CPU
		{C167EB38-CCD5-4DEB-8CB6-F2CB3D8E4683}.Release|Any CPU.ActiveCfg = Release|Any CPU
		{C167EB38-CCD5-4DEB-8CB6-F2CB3D8E4683}.Release|Any CPU.Build.0 = Release|Any CPU
		{1920DB2C-4104-415F-A1A4-57A264915268}.Debug|Any CPU.ActiveCfg = Debug|Any CPU
		{1920DB2C-4104-415F-A1A4-57A264915268}.Debug|Any CPU.Build.0 = Debug|Any CPU
		{1920DB2C-4104-415F-A1A4-57A264915268}.Release|Any CPU.ActiveCfg = Release|Any CPU
		{1920DB2C-4104-415F-A1A4-57A264915268}.Release|Any CPU.Build.0 = Release|Any CPU
		{C6B46B30-5CEB-4054-96FD-78AFF5214405}.Debug|Any CPU.ActiveCfg = Debug|Any CPU
		{C6B46B30-5CEB-4054-96FD-78AFF5214405}.Debug|Any CPU.Build.0 = Debug|Any CPU
		{C6B46B30-5CEB-4054-96FD-78AFF5214405}.Release|Any CPU.ActiveCfg = Release|Any CPU
		{C6B46B30-5CEB-4054-96FD-78AFF5214405}.Release|Any CPU.Build.0 = Release|Any CPU
		{78D34D3A-D5D1-4451-8F05-51A689EC33D4}.Debug|Any CPU.ActiveCfg = Debug|Any CPU
		{78D34D3A-D5D1-4451-8F05-51A689EC33D4}.Debug|Any CPU.Build.0 = Debug|Any CPU
		{78D34D3A-D5D1-4451-8F05-51A689EC33D4}.Release|Any CPU.ActiveCfg = Release|Any CPU
		{78D34D3A-D5D1-4451-8F05-51A689EC33D4}.Release|Any CPU.Build.0 = Release|Any CPU
	EndGlobalSection
	GlobalSection(SolutionProperties) = preSolution
		HideSolutionNode = FALSE
	EndGlobalSection
	GlobalSection(NestedProjects) = preSolution
		{557EEA58-879F-4BCF-BC25-3170F86BA0CD} = {624348D7-AB00-43B8-9BDB-16AE2905C66F}
		{343453FE-2EE2-4A8E-9520-71F0F9E69700} = {624348D7-AB00-43B8-9BDB-16AE2905C66F}
		{35834CEF-0442-46F4-89BF-57925ED5F27A} = {624348D7-AB00-43B8-9BDB-16AE2905C66F}
		{E301E673-BC6D-4484-9763-8BF8C3D4F970} = {E06AC415-EC30-4FB3-A8A4-9846F19D80DF}
		{C167EB38-CCD5-4DEB-8CB6-F2CB3D8E4683} = {E06AC415-EC30-4FB3-A8A4-9846F19D80DF}
		{1920DB2C-4104-415F-A1A4-57A264915268} = {624348D7-AB00-43B8-9BDB-16AE2905C66F}
		{C6B46B30-5CEB-4054-96FD-78AFF5214405} = {624348D7-AB00-43B8-9BDB-16AE2905C66F}
		{78D34D3A-D5D1-4451-8F05-51A689EC33D4} = {624348D7-AB00-43B8-9BDB-16AE2905C66F}
	EndGlobalSection
	GlobalSection(ExtensibilityGlobals) = postSolution
		SolutionGuid = {CCE2B89D-66A5-43F4-B4B7-A36DC70B0128}
	EndGlobalSection
EndGlobal
